// !$*UTF8*$!
{
	archiveVersion = 1;
	classes = {
	};
	objectVersion = 77;
	objects = {

/* Begin PBXBuildFile section */
		52302D962F0EA8A80069311F /* DebugHabitToolsSection.swift in Sources */ = {isa = PBXBuildFile; fileRef = 52302D952F0EA8A80069311F /* DebugHabitToolsSection.swift */; };
		523CBE282ED01E0000455486 /* WidgetKit.framework in Frameworks */ = {isa = PBXBuildFile; fileRef = 523CBE272ED01E0000455486 /* WidgetKit.framework */; };
		523CBE2A2ED01E0000455486 /* SwiftUI.framework in Frameworks */ = {isa = PBXBuildFile; fileRef = 523CBE292ED01E0000455486 /* SwiftUI.framework */; };
		523CBE3B2ED01E0000455486 /* Habit Tracker WidgetExtension.appex in Embed Foundation Extensions */ = {isa = PBXBuildFile; fileRef = 523CBE252ED01E0000455486 /* Habit Tracker WidgetExtension.appex */; settings = {ATTRIBUTES = (RemoveHeadersOnCopy, ); }; };
		524461ED2EFF36A400537C6C /* HeatmapPalette.swift in Sources */ = {isa = PBXBuildFile; fileRef = 524461EC2EFF36A400537C6C /* HeatmapPalette.swift */; };
		524461F02EFF3C7F00537C6C /* HeatmapPalette.swift in Sources */ = {isa = PBXBuildFile; fileRef = 524461EC2EFF36A400537C6C /* HeatmapPalette.swift */; };
		524461F22EFF575300537C6C /* HabitSquaresWidgetView.swift in Sources */ = {isa = PBXBuildFile; fileRef = 524461F12EFF575300537C6C /* HabitSquaresWidgetView.swift */; };
		527137E42EFDFC78001507E8 /* WidgetCacheWriter.swift in Sources */ = {isa = PBXBuildFile; fileRef = 527137E32EFDFC78001507E8 /* WidgetCacheWriter.swift */; };
		527137E72EFE0E46001507E8 /* HabitWidgetConfigurationIntent.swift in Sources */ = {isa = PBXBuildFile; fileRef = 527137E62EFE0E46001507E8 /* HabitWidgetConfigurationIntent.swift */; };
		527137E92EFE0E4F001507E8 /* WidgetHabitEntity.swift in Sources */ = {isa = PBXBuildFile; fileRef = 527137E82EFE0E4F001507E8 /* WidgetHabitEntity.swift */; };
		527137EB2EFE0E56001507E8 /* WidgetHabitEntityQuery.swift in Sources */ = {isa = PBXBuildFile; fileRef = 527137EA2EFE0E56001507E8 /* WidgetHabitEntityQuery.swift */; };
		52D1D70A2EFB0E5C00B3F91A /* AddHabitView.swift in Sources */ = {isa = PBXBuildFile; fileRef = 52D1D6F32EFB0E5C00B3F91A /* AddHabitView.swift */; };
		52D1D70B2EFB0E5C00B3F91A /* AddRemindersSheet.swift in Sources */ = {isa = PBXBuildFile; fileRef = 52D1D6F42EFB0E5C00B3F91A /* AddRemindersSheet.swift */; };
		52D1D70D2EFB0E5C00B3F91A /* ContentView.swift in Sources */ = {isa = PBXBuildFile; fileRef = 52D1D6F72EFB0E5C00B3F91A /* ContentView.swift */; };
		52D1D70E2EFB0E5C00B3F91A /* Habit_TrackerApp.swift in Sources */ = {isa = PBXBuildFile; fileRef = 52D1D6F92EFB0E5C00B3F91A /* Habit_TrackerApp.swift */; };
		52D1D70F2EFB0E5C00B3F91A /* HabitCardStyle.swift in Sources */ = {isa = PBXBuildFile; fileRef = 52D1D6FA2EFB0E5C00B3F91A /* HabitCardStyle.swift */; };
		52D1D7102EFB0E5C00B3F91A /* HabitCompletionEngine.swift in Sources */ = {isa = PBXBuildFile; fileRef = 52D1D6FB2EFB0E5C00B3F91A /* HabitCompletionEngine.swift */; };
		52D1D7112EFB0E5C00B3F91A /* HabitDetailView.swift in Sources */ = {isa = PBXBuildFile; fileRef = 52D1D6FC2EFB0E5C00B3F91A /* HabitDetailView.swift */; };
		52D1D7122EFB0E5C00B3F91A /* HabitHeatmapView.swift in Sources */ = {isa = PBXBuildFile; fileRef = 52D1D6FD2EFB0E5C00B3F91A /* HabitHeatmapView.swift */; };
		52D1D7132EFB0E5C00B3F91A /* HabitModel.xcdatamodel in Sources */ = {isa = PBXBuildFile; fileRef = 52D1D6FE2EFB0E5C00B3F91A /* HabitModel.xcdatamodel */; };
		52D1D7142EFB0E5C00B3F91A /* HabitModels.swift in Sources */ = {isa = PBXBuildFile; fileRef = 52D1D6FF2EFB0E5C00B3F91A /* HabitModels.swift */; };
		52D1D7162EFB0E5C00B3F91A /* HSCardStyle.swift in Sources */ = {isa = PBXBuildFile; fileRef = 52D1D7012EFB0E5C00B3F91A /* HSCardStyle.swift */; };
		52D1D7172EFB0E5C00B3F91A /* ReminderListView.swift in Sources */ = {isa = PBXBuildFile; fileRef = 52D1D7032EFB0E5C00B3F91A /* ReminderListView.swift */; };
		52D1D7182EFB0E5C00B3F91A /* RemindersClient.swift in Sources */ = {isa = PBXBuildFile; fileRef = 52D1D7042EFB0E5C00B3F91A /* RemindersClient.swift */; };
		52D1D7192EFB0E5C00B3F91A /* ReminderService.swift in Sources */ = {isa = PBXBuildFile; fileRef = 52D1D7052EFB0E5C00B3F91A /* ReminderService.swift */; };
		52D1D71A2EFB0E5C00B3F91A /* HabitSeeder.swift in Sources */ = {isa = PBXBuildFile; fileRef = 52D1D7082EFB0E5C00B3F91A /* HabitSeeder.swift */; };
		52D1D71B2EFB0E5C00B3F91A /* PersistenceController.swift in Sources */ = {isa = PBXBuildFile; fileRef = 52D1D7092EFB0E5C00B3F91A /* PersistenceController.swift */; };
		52D1D7312EFB0FB200B3F91A /* NewReminderSheet.swift in Sources */ = {isa = PBXBuildFile; fileRef = 52D1D7302EFB0FB200B3F91A /* NewReminderSheet.swift */; };
		52D1D7332EFB16E100B3F91A /* WidgetDay.swift in Sources */ = {isa = PBXBuildFile; fileRef = 52D1D7322EFB16E100B3F91A /* WidgetDay.swift */; };
		52D1D7342EFB16EE00B3F91A /* WidgetDay.swift in Sources */ = {isa = PBXBuildFile; fileRef = 52D1D7322EFB16E100B3F91A /* WidgetDay.swift */; };
		52D1D7372EFB16FC00B3F91A /* WidgetDataWriter.swift in Sources */ = {isa = PBXBuildFile; fileRef = 52D1D7362EFB16FC00B3F91A /* WidgetDataWriter.swift */; };
		52D1D7382EFB176400B3F91A /* HabitSquaresWidget.swift in Sources */ = {isa = PBXBuildFile; fileRef = 52D1D7002EFB0E5C00B3F91A /* HabitSquaresWidget.swift */; };
		52D1D73B2EFB263200B3F91A /* HabitSquaresWidgetBundle.swift in Sources */ = {isa = PBXBuildFile; fileRef = 52D1D7392EFB262300B3F91A /* HabitSquaresWidgetBundle.swift */; };
		52D1D7432EFB623900B3F91A /* WidgetHabitStub.swift in Sources */ = {isa = PBXBuildFile; fileRef = 52D1D7422EFB623900B3F91A /* WidgetHabitStub.swift */; };
		52D1D7442EFB623900B3F91A /* WidgetHabitStub.swift in Sources */ = {isa = PBXBuildFile; fileRef = 52D1D7422EFB623900B3F91A /* WidgetHabitStub.swift */; };
		52D1D7462EFB624600B3F91A /* WidgetSharedStore.swift in Sources */ = {isa = PBXBuildFile; fileRef = 52D1D7452EFB624600B3F91A /* WidgetSharedStore.swift */; };
		52D1D7472EFB624600B3F91A /* WidgetSharedStore.swift in Sources */ = {isa = PBXBuildFile; fileRef = 52D1D7452EFB624600B3F91A /* WidgetSharedStore.swift */; };
		52D1D7492EFB625500B3F91A /* HabitID.swift in Sources */ = {isa = PBXBuildFile; fileRef = 52D1D7482EFB625500B3F91A /* HabitID.swift */; };
		52D1D74A2EFB625500B3F91A /* HabitID.swift in Sources */ = {isa = PBXBuildFile; fileRef = 52D1D7482EFB625500B3F91A /* HabitID.swift */; };
		52D1D74B2EFB72E700B3F91A /* WidgetDataWriter.swift in Sources */ = {isa = PBXBuildFile; fileRef = 52D1D7362EFB16FC00B3F91A /* WidgetDataWriter.swift */; };
/* End PBXBuildFile section */

/* Begin PBXContainerItemProxy section */
		523CBDFE2ED010AA00455486 /* PBXContainerItemProxy */ = {
			isa = PBXContainerItemProxy;
			containerPortal = 523CBDE12ED010A900455486 /* Project object */;
			proxyType = 1;
			remoteGlobalIDString = 523CBDE82ED010A900455486;
			remoteInfo = "Habit Tracker";
		};
		523CBE082ED010AA00455486 /* PBXContainerItemProxy */ = {
			isa = PBXContainerItemProxy;
			containerPortal = 523CBDE12ED010A900455486 /* Project object */;
			proxyType = 1;
			remoteGlobalIDString = 523CBDE82ED010A900455486;
			remoteInfo = "Habit Tracker";
		};
		523CBE392ED01E0000455486 /* PBXContainerItemProxy */ = {
			isa = PBXContainerItemProxy;
			containerPortal = 523CBDE12ED010A900455486 /* Project object */;
			proxyType = 1;
			remoteGlobalIDString = 523CBE242ED01E0000455486;
			remoteInfo = "Habit Tracker WidgetExtension";
		};
/* End PBXContainerItemProxy section */

/* Begin PBXCopyFilesBuildPhase section */
		523CBE402ED01E0000455486 /* Embed Foundation Extensions */ = {
			isa = PBXCopyFilesBuildPhase;
			buildActionMask = 2147483647;
			dstPath = "";
			dstSubfolderSpec = 13;
			files = (
				523CBE3B2ED01E0000455486 /* Habit Tracker WidgetExtension.appex in Embed Foundation Extensions */,
			);
			name = "Embed Foundation Extensions";
			runOnlyForDeploymentPostprocessing = 0;
		};
/* End PBXCopyFilesBuildPhase section */

/* Begin PBXFileReference section */
		52302D952F0EA8A80069311F /* DebugHabitToolsSection.swift */ = {isa = PBXFileReference; lastKnownFileType = sourcecode.swift; path = DebugHabitToolsSection.swift; sourceTree = "<group>"; };
		523CBDE92ED010A900455486 /* Habit Tracker.app */ = {isa = PBXFileReference; explicitFileType = wrapper.application; includeInIndex = 0; path = "Habit Tracker.app"; sourceTree = BUILT_PRODUCTS_DIR; };
		523CBDFD2ED010AA00455486 /* Habit TrackerTests.xctest */ = {isa = PBXFileReference; explicitFileType = wrapper.cfbundle; includeInIndex = 0; path = "Habit TrackerTests.xctest"; sourceTree = BUILT_PRODUCTS_DIR; };
		523CBE072ED010AA00455486 /* Habit TrackerUITests.xctest */ = {isa = PBXFileReference; explicitFileType = wrapper.cfbundle; includeInIndex = 0; path = "Habit TrackerUITests.xctest"; sourceTree = BUILT_PRODUCTS_DIR; };
		523CBE252ED01E0000455486 /* Habit Tracker WidgetExtension.appex */ = {isa = PBXFileReference; explicitFileType = "wrapper.app-extension"; includeInIndex = 0; path = "Habit Tracker WidgetExtension.appex"; sourceTree = BUILT_PRODUCTS_DIR; };
		523CBE272ED01E0000455486 /* WidgetKit.framework */ = {isa = PBXFileReference; lastKnownFileType = wrapper.framework; name = WidgetKit.framework; path = System/Library/Frameworks/WidgetKit.framework; sourceTree = SDKROOT; };
		523CBE292ED01E0000455486 /* SwiftUI.framework */ = {isa = PBXFileReference; lastKnownFileType = wrapper.framework; name = SwiftUI.framework; path = System/Library/Frameworks/SwiftUI.framework; sourceTree = SDKROOT; };
		523CBE442ED01F9000455486 /* Habit Tracker WidgetExtension.entitlements */ = {isa = PBXFileReference; lastKnownFileType = text.plist.entitlements; path = "Habit Tracker WidgetExtension.entitlements"; sourceTree = "<group>"; };
		524461EC2EFF36A400537C6C /* HeatmapPalette.swift */ = {isa = PBXFileReference; lastKnownFileType = sourcecode.swift; path = HeatmapPalette.swift; sourceTree = "<group>"; };
		524461F12EFF575300537C6C /* HabitSquaresWidgetView.swift */ = {isa = PBXFileReference; lastKnownFileType = sourcecode.swift; path = HabitSquaresWidgetView.swift; sourceTree = "<group>"; };
		527137E32EFDFC78001507E8 /* WidgetCacheWriter.swift */ = {isa = PBXFileReference; lastKnownFileType = sourcecode.swift; path = WidgetCacheWriter.swift; sourceTree = "<group>"; };
		527137E62EFE0E46001507E8 /* HabitWidgetConfigurationIntent.swift */ = {isa = PBXFileReference; lastKnownFileType = sourcecode.swift; path = HabitWidgetConfigurationIntent.swift; sourceTree = "<group>"; };
		527137E82EFE0E4F001507E8 /* WidgetHabitEntity.swift */ = {isa = PBXFileReference; lastKnownFileType = sourcecode.swift; path = WidgetHabitEntity.swift; sourceTree = "<group>"; };
		527137EA2EFE0E56001507E8 /* WidgetHabitEntityQuery.swift */ = {isa = PBXFileReference; lastKnownFileType = sourcecode.swift; path = WidgetHabitEntityQuery.swift; sourceTree = "<group>"; };
		527137EF2EFE2274001507E8 /* WidgetSnapshot+Placeholder.swift */ = {isa = PBXFileReference; lastKnownFileType = sourcecode.swift; path = "WidgetSnapshot+Placeholder.swift"; sourceTree = "<group>"; };
		528904C52EF62EAB00479793 /* Habit Tracker WidgetExtensionDebug.entitlements */ = {isa = PBXFileReference; lastKnownFileType = text.plist.entitlements; path = "Habit Tracker WidgetExtensionDebug.entitlements"; sourceTree = "<group>"; };
		52D1D6F32EFB0E5C00B3F91A /* AddHabitView.swift */ = {isa = PBXFileReference; lastKnownFileType = sourcecode.swift; path = AddHabitView.swift; sourceTree = "<group>"; };
		52D1D6F42EFB0E5C00B3F91A /* AddRemindersSheet.swift */ = {isa = PBXFileReference; lastKnownFileType = sourcecode.swift; path = AddRemindersSheet.swift; sourceTree = "<group>"; };
		52D1D6F72EFB0E5C00B3F91A /* ContentView.swift */ = {isa = PBXFileReference; lastKnownFileType = sourcecode.swift; path = ContentView.swift; sourceTree = "<group>"; };
		52D1D6F82EFB0E5C00B3F91A /* Habit_Tracker.entitlements */ = {isa = PBXFileReference; lastKnownFileType = text.plist.entitlements; path = Habit_Tracker.entitlements; sourceTree = "<group>"; };
		52D1D6F92EFB0E5C00B3F91A /* Habit_TrackerApp.swift */ = {isa = PBXFileReference; lastKnownFileType = sourcecode.swift; path = Habit_TrackerApp.swift; sourceTree = "<group>"; };
		52D1D6FA2EFB0E5C00B3F91A /* HabitCardStyle.swift */ = {isa = PBXFileReference; lastKnownFileType = sourcecode.swift; path = HabitCardStyle.swift; sourceTree = "<group>"; };
		52D1D6FB2EFB0E5C00B3F91A /* HabitCompletionEngine.swift */ = {isa = PBXFileReference; lastKnownFileType = sourcecode.swift; path = HabitCompletionEngine.swift; sourceTree = "<group>"; };
		52D1D6FC2EFB0E5C00B3F91A /* HabitDetailView.swift */ = {isa = PBXFileReference; lastKnownFileType = sourcecode.swift; path = HabitDetailView.swift; sourceTree = "<group>"; };
		52D1D6FD2EFB0E5C00B3F91A /* HabitHeatmapView.swift */ = {isa = PBXFileReference; lastKnownFileType = sourcecode.swift; path = HabitHeatmapView.swift; sourceTree = "<group>"; };
		52D1D6FE2EFB0E5C00B3F91A /* HabitModel.xcdatamodel */ = {isa = PBXFileReference; lastKnownFileType = wrapper.xcdatamodel; path = HabitModel.xcdatamodel; sourceTree = "<group>"; };
		52D1D6FF2EFB0E5C00B3F91A /* HabitModels.swift */ = {isa = PBXFileReference; lastKnownFileType = sourcecode.swift; path = HabitModels.swift; sourceTree = "<group>"; };
		52D1D7002EFB0E5C00B3F91A /* HabitSquaresWidget.swift */ = {isa = PBXFileReference; lastKnownFileType = sourcecode.swift; path = HabitSquaresWidget.swift; sourceTree = "<group>"; };
		52D1D7012EFB0E5C00B3F91A /* HSCardStyle.swift */ = {isa = PBXFileReference; lastKnownFileType = sourcecode.swift; path = HSCardStyle.swift; sourceTree = "<group>"; };
		52D1D7022EFB0E5C00B3F91A /* Info.plist */ = {isa = PBXFileReference; lastKnownFileType = text.plist.xml; path = Info.plist; sourceTree = "<group>"; };
		52D1D7032EFB0E5C00B3F91A /* ReminderListView.swift */ = {isa = PBXFileReference; lastKnownFileType = sourcecode.swift; path = ReminderListView.swift; sourceTree = "<group>"; };
		52D1D7042EFB0E5C00B3F91A /* RemindersClient.swift */ = {isa = PBXFileReference; lastKnownFileType = sourcecode.swift; path = RemindersClient.swift; sourceTree = "<group>"; };
		52D1D7052EFB0E5C00B3F91A /* ReminderService.swift */ = {isa = PBXFileReference; lastKnownFileType = sourcecode.swift; path = ReminderService.swift; sourceTree = "<group>"; };
		52D1D7082EFB0E5C00B3F91A /* HabitSeeder.swift */ = {isa = PBXFileReference; lastKnownFileType = sourcecode.swift; path = HabitSeeder.swift; sourceTree = "<group>"; };
		52D1D7092EFB0E5C00B3F91A /* PersistenceController.swift */ = {isa = PBXFileReference; lastKnownFileType = sourcecode.swift; path = PersistenceController.swift; sourceTree = "<group>"; };
		52D1D7302EFB0FB200B3F91A /* NewReminderSheet.swift */ = {isa = PBXFileReference; lastKnownFileType = sourcecode.swift; path = NewReminderSheet.swift; sourceTree = "<group>"; };
		52D1D7322EFB16E100B3F91A /* WidgetDay.swift */ = {isa = PBXFileReference; lastKnownFileType = sourcecode.swift; path = WidgetDay.swift; sourceTree = "<group>"; };
		52D1D7362EFB16FC00B3F91A /* WidgetDataWriter.swift */ = {isa = PBXFileReference; lastKnownFileType = sourcecode.swift; path = WidgetDataWriter.swift; sourceTree = "<group>"; };
		52D1D7392EFB262300B3F91A /* HabitSquaresWidgetBundle.swift */ = {isa = PBXFileReference; lastKnownFileType = sourcecode.swift; path = HabitSquaresWidgetBundle.swift; sourceTree = "<group>"; };
		52D1D7422EFB623900B3F91A /* WidgetHabitStub.swift */ = {isa = PBXFileReference; lastKnownFileType = sourcecode.swift; path = WidgetHabitStub.swift; sourceTree = "<group>"; };
		52D1D7452EFB624600B3F91A /* WidgetSharedStore.swift */ = {isa = PBXFileReference; lastKnownFileType = sourcecode.swift; path = WidgetSharedStore.swift; sourceTree = "<group>"; };
		52D1D7482EFB625500B3F91A /* HabitID.swift */ = {isa = PBXFileReference; lastKnownFileType = sourcecode.swift; path = HabitID.swift; sourceTree = "<group>"; };
/* End PBXFileReference section */

/* Begin PBXFileSystemSynchronizedBuildFileExceptionSet section */
		523CBE3F2ED01E0000455486 /* Exceptions for "Habit Tracker Widget" folder in "Habit Tracker WidgetExtension" target */ = {
			isa = PBXFileSystemSynchronizedBuildFileExceptionSet;
			membershipExceptions = (
				Info.plist,
				WidgetRefresh.swift,
			);
			target = 523CBE242ED01E0000455486 /* Habit Tracker WidgetExtension */;
		};
		525290B92F18411D00ED07F6 /* Exceptions for "Habit Tracker Widget" folder in "Habit Tracker" target */ = {
			isa = PBXFileSystemSynchronizedBuildFileExceptionSet;
			membershipExceptions = (
				WidgetRefresh.swift,
			);
			target = 523CBDE82ED010A900455486 /* Habit Tracker */;
		};
/* End PBXFileSystemSynchronizedBuildFileExceptionSet section */

/* Begin PBXFileSystemSynchronizedRootGroup section */
		523CBDEB2ED010A900455486 /* Habit Tracker */ = {
			isa = PBXFileSystemSynchronizedRootGroup;
			path = "Habit Tracker";
			sourceTree = "<group>";
		};
		523CBE002ED010AA00455486 /* Habit TrackerTests */ = {
			isa = PBXFileSystemSynchronizedRootGroup;
			path = "Habit TrackerTests";
			sourceTree = "<group>";
		};
		523CBE0A2ED010AA00455486 /* Habit TrackerUITests */ = {
			isa = PBXFileSystemSynchronizedRootGroup;
			path = "Habit TrackerUITests";
			sourceTree = "<group>";
		};
		523CBE2B2ED01E0000455486 /* Habit Tracker Widget */ = {
			isa = PBXFileSystemSynchronizedRootGroup;
			exceptions = (
				525290B92F18411D00ED07F6 /* Exceptions for "Habit Tracker Widget" folder in "Habit Tracker" target */,
				523CBE3F2ED01E0000455486 /* Exceptions for "Habit Tracker Widget" folder in "Habit Tracker WidgetExtension" target */,
			);
			path = "Habit Tracker Widget";
			sourceTree = "<group>";
		};
/* End PBXFileSystemSynchronizedRootGroup section */

/* Begin PBXFrameworksBuildPhase section */
		523CBDE62ED010A900455486 /* Frameworks */ = {
			isa = PBXFrameworksBuildPhase;
			buildActionMask = 2147483647;
			files = (
			);
			runOnlyForDeploymentPostprocessing = 0;
		};
		523CBDFA2ED010AA00455486 /* Frameworks */ = {
			isa = PBXFrameworksBuildPhase;
			buildActionMask = 2147483647;
			files = (
			);
			runOnlyForDeploymentPostprocessing = 0;
		};
		523CBE042ED010AA00455486 /* Frameworks */ = {
			isa = PBXFrameworksBuildPhase;
			buildActionMask = 2147483647;
			files = (
			);
			runOnlyForDeploymentPostprocessing = 0;
		};
		523CBE222ED01E0000455486 /* Frameworks */ = {
			isa = PBXFrameworksBuildPhase;
			buildActionMask = 2147483647;
			files = (
				523CBE2A2ED01E0000455486 /* SwiftUI.framework in Frameworks */,
				523CBE282ED01E0000455486 /* WidgetKit.framework in Frameworks */,
			);
			runOnlyForDeploymentPostprocessing = 0;
		};
/* End PBXFrameworksBuildPhase section */

/* Begin PBXGroup section */
		523CBDE02ED010A900455486 = {
			isa = PBXGroup;
			children = (
				52D1D7412EFB538200B3F91A /* Widget Extension */,
				52D1D7402EFB537700B3F91A /* Widget Shared */,
				52D1D73F2EFB536A00B3F91A /* Shared UI */,
				52D1D73E2EFB536100B3F91A /* Reminders */,
				52D1D73D2EFB535B00B3F91A /* Core */,
				52D1D73C2EFB534B00B3F91A /* App */,
				528904C52EF62EAB00479793 /* Habit Tracker WidgetExtensionDebug.entitlements */,
				523CBE442ED01F9000455486 /* Habit Tracker WidgetExtension.entitlements */,
				523CBDEB2ED010A900455486 /* Habit Tracker */,
				523CBE002ED010AA00455486 /* Habit TrackerTests */,
				523CBE0A2ED010AA00455486 /* Habit TrackerUITests */,
				523CBE262ED01E0000455486 /* Frameworks */,
				523CBDEA2ED010A900455486 /* Products */,
				523CBE2B2ED01E0000455486 /* Habit Tracker Widget */,
			);
			sourceTree = "<group>";
		};
		523CBDEA2ED010A900455486 /* Products */ = {
			isa = PBXGroup;
			children = (
				523CBDE92ED010A900455486 /* Habit Tracker.app */,
				523CBDFD2ED010AA00455486 /* Habit TrackerTests.xctest */,
				523CBE072ED010AA00455486 /* Habit TrackerUITests.xctest */,
				523CBE252ED01E0000455486 /* Habit Tracker WidgetExtension.appex */,
			);
			name = Products;
			sourceTree = "<group>";
		};
		523CBE262ED01E0000455486 /* Frameworks */ = {
			isa = PBXGroup;
			children = (
				523CBE272ED01E0000455486 /* WidgetKit.framework */,
				523CBE292ED01E0000455486 /* SwiftUI.framework */,
			);
			name = Frameworks;
			sourceTree = "<group>";
		};
		527137E52EFE0E38001507E8 /* Intents */ = {
			isa = PBXGroup;
			children = (
				527137EA2EFE0E56001507E8 /* WidgetHabitEntityQuery.swift */,
				527137E82EFE0E4F001507E8 /* WidgetHabitEntity.swift */,
				527137E62EFE0E46001507E8 /* HabitWidgetConfigurationIntent.swift */,
			);
			path = Intents;
			sourceTree = "<group>";
		};
		52D1D73C2EFB534B00B3F91A /* App */ = {
			isa = PBXGroup;
			children = (
				52302D952F0EA8A80069311F /* DebugHabitToolsSection.swift */,
				52D1D6F92EFB0E5C00B3F91A /* Habit_TrackerApp.swift */,
				52D1D6F72EFB0E5C00B3F91A /* ContentView.swift */,
				52D1D6F82EFB0E5C00B3F91A /* Habit_Tracker.entitlements */,
				52D1D7022EFB0E5C00B3F91A /* Info.plist */,
			);
			path = App;
			sourceTree = "<group>";
		};
		52D1D73D2EFB535B00B3F91A /* Core */ = {
			isa = PBXGroup;
			children = (
				527137E32EFDFC78001507E8 /* WidgetCacheWriter.swift */,
				52D1D6FB2EFB0E5C00B3F91A /* HabitCompletionEngine.swift */,
				52D1D6FE2EFB0E5C00B3F91A /* HabitModel.xcdatamodel */,
				52D1D6FF2EFB0E5C00B3F91A /* HabitModels.swift */,
				52D1D7082EFB0E5C00B3F91A /* HabitSeeder.swift */,
				52D1D7092EFB0E5C00B3F91A /* PersistenceController.swift */,
			);
			path = Core;
			sourceTree = "<group>";
		};
		52D1D73E2EFB536100B3F91A /* Reminders */ = {
			isa = PBXGroup;
			children = (
				52D1D6F32EFB0E5C00B3F91A /* AddHabitView.swift */,
				52D1D6F42EFB0E5C00B3F91A /* AddRemindersSheet.swift */,
				52D1D7042EFB0E5C00B3F91A /* RemindersClient.swift */,
				52D1D7052EFB0E5C00B3F91A /* ReminderService.swift */,
				52D1D7302EFB0FB200B3F91A /* NewReminderSheet.swift */,
				52D1D7032EFB0E5C00B3F91A /* ReminderListView.swift */,
			);
			path = Reminders;
			sourceTree = "<group>";
		};
		52D1D73F2EFB536A00B3F91A /* Shared UI */ = {
			isa = PBXGroup;
			children = (
				524461EC2EFF36A400537C6C /* HeatmapPalette.swift */,
				52D1D6FA2EFB0E5C00B3F91A /* HabitCardStyle.swift */,
				52D1D7012EFB0E5C00B3F91A /* HSCardStyle.swift */,
				52D1D6FC2EFB0E5C00B3F91A /* HabitDetailView.swift */,
				52D1D6FD2EFB0E5C00B3F91A /* HabitHeatmapView.swift */,
			);
			path = "Shared UI";
			sourceTree = "<group>";
		};
		52D1D7402EFB537700B3F91A /* Widget Shared */ = {
			isa = PBXGroup;
			children = (
				527137EF2EFE2274001507E8 /* WidgetSnapshot+Placeholder.swift */,
				52D1D7482EFB625500B3F91A /* HabitID.swift */,
				52D1D7452EFB624600B3F91A /* WidgetSharedStore.swift */,
				52D1D7422EFB623900B3F91A /* WidgetHabitStub.swift */,
				52D1D7362EFB16FC00B3F91A /* WidgetDataWriter.swift */,
				52D1D7322EFB16E100B3F91A /* WidgetDay.swift */,
			);
			path = "Widget Shared";
			sourceTree = "<group>";
		};
		52D1D7412EFB538200B3F91A /* Widget Extension */ = {
			isa = PBXGroup;
			children = (
				527137E52EFE0E38001507E8 /* Intents */,
				52D1D7002EFB0E5C00B3F91A /* HabitSquaresWidget.swift */,
				524461F12EFF575300537C6C /* HabitSquaresWidgetView.swift */,
				52D1D7392EFB262300B3F91A /* HabitSquaresWidgetBundle.swift */,
			);
			path = "Widget Extension";
			sourceTree = "<group>";
		};
/* End PBXGroup section */

/* Begin PBXNativeTarget section */
		523CBDE82ED010A900455486 /* Habit Tracker */ = {
			isa = PBXNativeTarget;
			buildConfigurationList = 523CBE102ED010AA00455486 /* Build configuration list for PBXNativeTarget "Habit Tracker" */;
			buildPhases = (
				523CBDE52ED010A900455486 /* Sources */,
				523CBDE62ED010A900455486 /* Frameworks */,
				523CBDE72ED010A900455486 /* Resources */,
				523CBE402ED01E0000455486 /* Embed Foundation Extensions */,
			);
			buildRules = (
			);
			dependencies = (
				523CBE3A2ED01E0000455486 /* PBXTargetDependency */,
			);
			fileSystemSynchronizedGroups = (
				523CBDEB2ED010A900455486 /* Habit Tracker */,
			);
			name = "Habit Tracker";
			packageProductDependencies = (
			);
			productName = "Habit Tracker";
			productReference = 523CBDE92ED010A900455486 /* Habit Tracker.app */;
			productType = "com.apple.product-type.application";
		};
		523CBDFC2ED010AA00455486 /* Habit TrackerTests */ = {
			isa = PBXNativeTarget;
			buildConfigurationList = 523CBE152ED010AA00455486 /* Build configuration list for PBXNativeTarget "Habit TrackerTests" */;
			buildPhases = (
				523CBDF92ED010AA00455486 /* Sources */,
				523CBDFA2ED010AA00455486 /* Frameworks */,
				523CBDFB2ED010AA00455486 /* Resources */,
			);
			buildRules = (
			);
			dependencies = (
				523CBDFF2ED010AA00455486 /* PBXTargetDependency */,
			);
			fileSystemSynchronizedGroups = (
				523CBE002ED010AA00455486 /* Habit TrackerTests */,
			);
			name = "Habit TrackerTests";
			packageProductDependencies = (
			);
			productName = "Habit TrackerTests";
			productReference = 523CBDFD2ED010AA00455486 /* Habit TrackerTests.xctest */;
			productType = "com.apple.product-type.bundle.unit-test";
		};
		523CBE062ED010AA00455486 /* Habit TrackerUITests */ = {
			isa = PBXNativeTarget;
			buildConfigurationList = 523CBE182ED010AA00455486 /* Build configuration list for PBXNativeTarget "Habit TrackerUITests" */;
			buildPhases = (
				523CBE032ED010AA00455486 /* Sources */,
				523CBE042ED010AA00455486 /* Frameworks */,
				523CBE052ED010AA00455486 /* Resources */,
			);
			buildRules = (
			);
			dependencies = (
				523CBE092ED010AA00455486 /* PBXTargetDependency */,
			);
			fileSystemSynchronizedGroups = (
				523CBE0A2ED010AA00455486 /* Habit TrackerUITests */,
			);
			name = "Habit TrackerUITests";
			packageProductDependencies = (
			);
			productName = "Habit TrackerUITests";
			productReference = 523CBE072ED010AA00455486 /* Habit TrackerUITests.xctest */;
			productType = "com.apple.product-type.bundle.ui-testing";
		};
		523CBE242ED01E0000455486 /* Habit Tracker WidgetExtension */ = {
			isa = PBXNativeTarget;
			buildConfigurationList = 523CBE3C2ED01E0000455486 /* Build configuration list for PBXNativeTarget "Habit Tracker WidgetExtension" */;
			buildPhases = (
				523CBE212ED01E0000455486 /* Sources */,
				523CBE222ED01E0000455486 /* Frameworks */,
				523CBE232ED01E0000455486 /* Resources */,
			);
			buildRules = (
			);
			dependencies = (
			);
			fileSystemSynchronizedGroups = (
				523CBE2B2ED01E0000455486 /* Habit Tracker Widget */,
			);
			name = "Habit Tracker WidgetExtension";
			packageProductDependencies = (
			);
			productName = "Habit Tracker WidgetExtension";
			productReference = 523CBE252ED01E0000455486 /* Habit Tracker WidgetExtension.appex */;
			productType = "com.apple.product-type.app-extension";
		};
/* End PBXNativeTarget section */

/* Begin PBXProject section */
		523CBDE12ED010A900455486 /* Project object */ = {
			isa = PBXProject;
			attributes = {
				BuildIndependentTargetsInParallel = 1;
				LastSwiftUpdateCheck = 2610;
				LastUpgradeCheck = 2620;
				TargetAttributes = {
					523CBDE82ED010A900455486 = {
						CreatedOnToolsVersion = 26.1.1;
					};
					523CBDFC2ED010AA00455486 = {
						CreatedOnToolsVersion = 26.1.1;
						TestTargetID = 523CBDE82ED010A900455486;
					};
					523CBE062ED010AA00455486 = {
						CreatedOnToolsVersion = 26.1.1;
						TestTargetID = 523CBDE82ED010A900455486;
					};
					523CBE242ED01E0000455486 = {
						CreatedOnToolsVersion = 26.1.1;
					};
				};
			};
			buildConfigurationList = 523CBDE42ED010A900455486 /* Build configuration list for PBXProject "Habit Tracker" */;
			developmentRegion = en;
			hasScannedForEncodings = 0;
			knownRegions = (
				en,
				Base,
			);
			mainGroup = 523CBDE02ED010A900455486;
			minimizedProjectReferenceProxies = 1;
			preferredProjectObjectVersion = 77;
			productRefGroup = 523CBDEA2ED010A900455486 /* Products */;
			projectDirPath = "";
			projectRoot = "";
			targets = (
				523CBDE82ED010A900455486 /* Habit Tracker */,
				523CBDFC2ED010AA00455486 /* Habit TrackerTests */,
				523CBE062ED010AA00455486 /* Habit TrackerUITests */,
				523CBE242ED01E0000455486 /* Habit Tracker WidgetExtension */,
			);
		};
/* End PBXProject section */

/* Begin PBXResourcesBuildPhase section */
		523CBDE72ED010A900455486 /* Resources */ = {
			isa = PBXResourcesBuildPhase;
			buildActionMask = 2147483647;
			files = (
			);
			runOnlyForDeploymentPostprocessing = 0;
		};
		523CBDFB2ED010AA00455486 /* Resources */ = {
			isa = PBXResourcesBuildPhase;
			buildActionMask = 2147483647;
			files = (
			);
			runOnlyForDeploymentPostprocessing = 0;
		};
		523CBE052ED010AA00455486 /* Resources */ = {
			isa = PBXResourcesBuildPhase;
			buildActionMask = 2147483647;
			files = (
			);
			runOnlyForDeploymentPostprocessing = 0;
		};
		523CBE232ED01E0000455486 /* Resources */ = {
			isa = PBXResourcesBuildPhase;
			buildActionMask = 2147483647;
			files = (
			);
			runOnlyForDeploymentPostprocessing = 0;
		};
/* End PBXResourcesBuildPhase section */

/* Begin PBXSourcesBuildPhase section */
		523CBDE52ED010A900455486 /* Sources */ = {
			isa = PBXSourcesBuildPhase;
			buildActionMask = 2147483647;
			files = (
				52302D962F0EA8A80069311F /* DebugHabitToolsSection.swift in Sources */,
				52D1D7332EFB16E100B3F91A /* WidgetDay.swift in Sources */,
				52D1D70A2EFB0E5C00B3F91A /* AddHabitView.swift in Sources */,
				52D1D70B2EFB0E5C00B3F91A /* AddRemindersSheet.swift in Sources */,
				52D1D70D2EFB0E5C00B3F91A /* ContentView.swift in Sources */,
				52D1D7312EFB0FB200B3F91A /* NewReminderSheet.swift in Sources */,
				52D1D70E2EFB0E5C00B3F91A /* Habit_TrackerApp.swift in Sources */,
				52D1D70F2EFB0E5C00B3F91A /* HabitCardStyle.swift in Sources */,
				52D1D7102EFB0E5C00B3F91A /* HabitCompletionEngine.swift in Sources */,
				52D1D74A2EFB625500B3F91A /* HabitID.swift in Sources */,
				52D1D7112EFB0E5C00B3F91A /* HabitDetailView.swift in Sources */,
				52D1D7122EFB0E5C00B3F91A /* HabitHeatmapView.swift in Sources */,
				52D1D7132EFB0E5C00B3F91A /* HabitModel.xcdatamodel in Sources */,
				524461ED2EFF36A400537C6C /* HeatmapPalette.swift in Sources */,
				52D1D7372EFB16FC00B3F91A /* WidgetDataWriter.swift in Sources */,
				52D1D7142EFB0E5C00B3F91A /* HabitModels.swift in Sources */,
				527137E42EFDFC78001507E8 /* WidgetCacheWriter.swift in Sources */,
				52D1D7162EFB0E5C00B3F91A /* HSCardStyle.swift in Sources */,
				52D1D7172EFB0E5C00B3F91A /* ReminderListView.swift in Sources */,
				52D1D7442EFB623900B3F91A /* WidgetHabitStub.swift in Sources */,
				52D1D7182EFB0E5C00B3F91A /* RemindersClient.swift in Sources */,
				52D1D7472EFB624600B3F91A /* WidgetSharedStore.swift in Sources */,
				52D1D7192EFB0E5C00B3F91A /* ReminderService.swift in Sources */,
				52D1D71A2EFB0E5C00B3F91A /* HabitSeeder.swift in Sources */,
				52D1D71B2EFB0E5C00B3F91A /* PersistenceController.swift in Sources */,
			);
			runOnlyForDeploymentPostprocessing = 0;
		};
		523CBDF92ED010AA00455486 /* Sources */ = {
			isa = PBXSourcesBuildPhase;
			buildActionMask = 2147483647;
			files = (
			);
			runOnlyForDeploymentPostprocessing = 0;
		};
		523CBE032ED010AA00455486 /* Sources */ = {
			isa = PBXSourcesBuildPhase;
			buildActionMask = 2147483647;
			files = (
			);
			runOnlyForDeploymentPostprocessing = 0;
		};
		523CBE212ED01E0000455486 /* Sources */ = {
			isa = PBXSourcesBuildPhase;
			buildActionMask = 2147483647;
			files = (
				52D1D7342EFB16EE00B3F91A /* WidgetDay.swift in Sources */,
				52D1D7492EFB625500B3F91A /* HabitID.swift in Sources */,
				524461F22EFF575300537C6C /* HabitSquaresWidgetView.swift in Sources */,
				52D1D7432EFB623900B3F91A /* WidgetHabitStub.swift in Sources */,
				52D1D7382EFB176400B3F91A /* HabitSquaresWidget.swift in Sources */,
				524461F02EFF3C7F00537C6C /* HeatmapPalette.swift in Sources */,
				52D1D74B2EFB72E700B3F91A /* WidgetDataWriter.swift in Sources */,
				527137E92EFE0E4F001507E8 /* WidgetHabitEntity.swift in Sources */,
				527137EB2EFE0E56001507E8 /* WidgetHabitEntityQuery.swift in Sources */,
				527137E72EFE0E46001507E8 /* HabitWidgetConfigurationIntent.swift in Sources */,
				52D1D7462EFB624600B3F91A /* WidgetSharedStore.swift in Sources */,
				52D1D73B2EFB263200B3F91A /* HabitSquaresWidgetBundle.swift in Sources */,
			);
			runOnlyForDeploymentPostprocessing = 0;
		};
/* End PBXSourcesBuildPhase section */

/* Begin PBXTargetDependency section */
		523CBDFF2ED010AA00455486 /* PBXTargetDependency */ = {
			isa = PBXTargetDependency;
			target = 523CBDE82ED010A900455486 /* Habit Tracker */;
			targetProxy = 523CBDFE2ED010AA00455486 /* PBXContainerItemProxy */;
		};
		523CBE092ED010AA00455486 /* PBXTargetDependency */ = {
			isa = PBXTargetDependency;
			target = 523CBDE82ED010A900455486 /* Habit Tracker */;
			targetProxy = 523CBE082ED010AA00455486 /* PBXContainerItemProxy */;
		};
		523CBE3A2ED01E0000455486 /* PBXTargetDependency */ = {
			isa = PBXTargetDependency;
			target = 523CBE242ED01E0000455486 /* Habit Tracker WidgetExtension */;
			targetProxy = 523CBE392ED01E0000455486 /* PBXContainerItemProxy */;
		};
/* End PBXTargetDependency section */

/* Begin XCBuildConfiguration section */
		523CBE112ED010AA00455486 /* Debug */ = {
			isa = XCBuildConfiguration;
			buildSettings = {
				ASSETCATALOG_COMPILER_APPICON_NAME = AppIcon;
				ASSETCATALOG_COMPILER_GLOBAL_ACCENT_COLOR_NAME = AccentColor;
				CODE_SIGN_ENTITLEMENTS = "Habit Tracker/Habit TrackerDebug.entitlements";
				CODE_SIGN_STYLE = Automatic;
				CURRENT_PROJECT_VERSION = 1;
				DEVELOPMENT_TEAM = CRF77UR32V;
				ENABLE_PREVIEWS = YES;
				GENERATE_INFOPLIST_FILE = YES;
				INFOPLIST_FILE = "Habit-Tracker-Info.plist";
				INFOPLIST_KEY_NSRemindersFullAccessUsageDescription = "HabitSquares uses your Reminders to know when you’ve completed your habits.";
				INFOPLIST_KEY_UIApplicationSceneManifest_Generation = YES;
				INFOPLIST_KEY_UIApplicationSupportsIndirectInputEvents = YES;
				INFOPLIST_KEY_UILaunchScreen_Generation = YES;
				INFOPLIST_KEY_UISupportedInterfaceOrientations_iPad = "UIInterfaceOrientationPortrait UIInterfaceOrientationPortraitUpsideDown UIInterfaceOrientationLandscapeLeft UIInterfaceOrientationLandscapeRight";
				INFOPLIST_KEY_UISupportedInterfaceOrientations_iPhone = "UIInterfaceOrientationPortrait UIInterfaceOrientationLandscapeLeft UIInterfaceOrientationLandscapeRight";
				LD_RUNPATH_SEARCH_PATHS = (
					"$(inherited)",
					"@executable_path/Frameworks",
				);
				MARKETING_VERSION = 1.0;
				PRODUCT_BUNDLE_IDENTIFIER = "PullerLabs.Habit-Tracker";
				PRODUCT_NAME = "$(TARGET_NAME)";
				STRING_CATALOG_GENERATE_SYMBOLS = YES;
				SWIFT_APPROACHABLE_CONCURRENCY = YES;
				SWIFT_DEFAULT_ACTOR_ISOLATION = MainActor;
				SWIFT_EMIT_LOC_STRINGS = YES;
				SWIFT_UPCOMING_FEATURE_MEMBER_IMPORT_VISIBILITY = YES;
				SWIFT_VERSION = 5.0;
				TARGETED_DEVICE_FAMILY = "1,2";
			};
			name = Debug;
		};
		523CBE122ED010AA00455486 /* Release */ = {
			isa = XCBuildConfiguration;
			buildSettings = {
				ASSETCATALOG_COMPILER_APPICON_NAME = AppIcon;
				ASSETCATALOG_COMPILER_GLOBAL_ACCENT_COLOR_NAME = AccentColor;
				CODE_SIGN_ENTITLEMENTS = "";
				CODE_SIGN_STYLE = Automatic;
				CURRENT_PROJECT_VERSION = 1;
				DEVELOPMENT_TEAM = CRF77UR32V;
				ENABLE_PREVIEWS = YES;
				GENERATE_INFOPLIST_FILE = YES;
				INFOPLIST_FILE = "Habit-Tracker-Info.plist";
				INFOPLIST_KEY_NSRemindersFullAccessUsageDescription = "HabitSquares uses your Reminders to know when you’ve completed your habits.";
				INFOPLIST_KEY_UIApplicationSceneManifest_Generation = YES;
				INFOPLIST_KEY_UIApplicationSupportsIndirectInputEvents = YES;
				INFOPLIST_KEY_UILaunchScreen_Generation = YES;
				INFOPLIST_KEY_UISupportedInterfaceOrientations_iPad = "UIInterfaceOrientationPortrait UIInterfaceOrientationPortraitUpsideDown UIInterfaceOrientationLandscapeLeft UIInterfaceOrientationLandscapeRight";
				INFOPLIST_KEY_UISupportedInterfaceOrientations_iPhone = "UIInterfaceOrientationPortrait UIInterfaceOrientationLandscapeLeft UIInterfaceOrientationLandscapeRight";
				LD_RUNPATH_SEARCH_PATHS = (
					"$(inherited)",
					"@executable_path/Frameworks",
				);
				MARKETING_VERSION = 1.0;
				PRODUCT_BUNDLE_IDENTIFIER = "PullerLabs.Habit-Tracker";
				PRODUCT_NAME = "$(TARGET_NAME)";
				STRING_CATALOG_GENERATE_SYMBOLS = YES;
				SWIFT_APPROACHABLE_CONCURRENCY = YES;
				SWIFT_DEFAULT_ACTOR_ISOLATION = MainActor;
				SWIFT_EMIT_LOC_STRINGS = YES;
				SWIFT_UPCOMING_FEATURE_MEMBER_IMPORT_VISIBILITY = YES;
				SWIFT_VERSION = 5.0;
				TARGETED_DEVICE_FAMILY = "1,2";
			};
			name = Release;
		};
		523CBE132ED010AA00455486 /* Debug */ = {
			isa = XCBuildConfiguration;
			buildSettings = {
				ALWAYS_SEARCH_USER_PATHS = NO;
				ASSETCATALOG_COMPILER_GENERATE_SWIFT_ASSET_SYMBOL_EXTENSIONS = YES;
				CLANG_ANALYZER_NONNULL = YES;
				CLANG_ANALYZER_NUMBER_OBJECT_CONVERSION = YES_AGGRESSIVE;
				CLANG_CXX_LANGUAGE_STANDARD = "gnu++20";
				CLANG_ENABLE_MODULES = YES;
				CLANG_ENABLE_OBJC_ARC = YES;
				CLANG_ENABLE_OBJC_WEAK = YES;
				CLANG_WARN_BLOCK_CAPTURE_AUTORELEASING = YES;
				CLANG_WARN_BOOL_CONVERSION = YES;
				CLANG_WARN_COMMA = YES;
				CLANG_WARN_CONSTANT_CONVERSION = YES;
				CLANG_WARN_DEPRECATED_OBJC_IMPLEMENTATIONS = YES;
				CLANG_WARN_DIRECT_OBJC_ISA_USAGE = YES_ERROR;
				CLANG_WARN_DOCUMENTATION_COMMENTS = YES;
				CLANG_WARN_EMPTY_BODY = YES;
				CLANG_WARN_ENUM_CONVERSION = YES;
				CLANG_WARN_INFINITE_RECURSION = YES;
				CLANG_WARN_INT_CONVERSION = YES;
				CLANG_WARN_NON_LITERAL_NULL_CONVERSION = YES;
				CLANG_WARN_OBJC_IMPLICIT_RETAIN_SELF = YES;
				CLANG_WARN_OBJC_LITERAL_CONVERSION = YES;
				CLANG_WARN_OBJC_ROOT_CLASS = YES_ERROR;
				CLANG_WARN_QUOTED_INCLUDE_IN_FRAMEWORK_HEADER = YES;
				CLANG_WARN_RANGE_LOOP_ANALYSIS = YES;
				CLANG_WARN_STRICT_PROTOTYPES = YES;
				CLANG_WARN_SUSPICIOUS_MOVE = YES;
				CLANG_WARN_UNGUARDED_AVAILABILITY = YES_AGGRESSIVE;
				CLANG_WARN_UNREACHABLE_CODE = YES;
				CLANG_WARN__DUPLICATE_METHOD_MATCH = YES;
				COPY_PHASE_STRIP = NO;
				DEBUG_INFORMATION_FORMAT = dwarf;
				DEVELOPMENT_TEAM = CRF77UR32V;
				ENABLE_STRICT_OBJC_MSGSEND = YES;
				ENABLE_TESTABILITY = YES;
				ENABLE_USER_SCRIPT_SANDBOXING = YES;
				GCC_C_LANGUAGE_STANDARD = gnu17;
				GCC_DYNAMIC_NO_PIC = NO;
				GCC_NO_COMMON_BLOCKS = YES;
				GCC_OPTIMIZATION_LEVEL = 0;
				GCC_PREPROCESSOR_DEFINITIONS = (
					"DEBUG=1",
					"$(inherited)",
				);
				GCC_WARN_64_TO_32_BIT_CONVERSION = YES;
				GCC_WARN_ABOUT_RETURN_TYPE = YES_ERROR;
				GCC_WARN_UNDECLARED_SELECTOR = YES;
				GCC_WARN_UNINITIALIZED_AUTOS = YES_AGGRESSIVE;
				GCC_WARN_UNUSED_FUNCTION = YES;
				GCC_WARN_UNUSED_VARIABLE = YES;
				IPHONEOS_DEPLOYMENT_TARGET = 26.1;
				LOCALIZATION_PREFERS_STRING_CATALOGS = YES;
				MTL_ENABLE_DEBUG_INFO = INCLUDE_SOURCE;
				MTL_FAST_MATH = YES;
				ONLY_ACTIVE_ARCH = YES;
				SDKROOT = iphoneos;
				STRING_CATALOG_GENERATE_SYMBOLS = YES;
				SWIFT_ACTIVE_COMPILATION_CONDITIONS = "DEBUG $(inherited)";
				SWIFT_OPTIMIZATION_LEVEL = "-Onone";
			};
			name = Debug;
		};
		523CBE142ED010AA00455486 /* Release */ = {
			isa = XCBuildConfiguration;
			buildSettings = {
				ALWAYS_SEARCH_USER_PATHS = NO;
				ASSETCATALOG_COMPILER_GENERATE_SWIFT_ASSET_SYMBOL_EXTENSIONS = YES;
				CLANG_ANALYZER_NONNULL = YES;
				CLANG_ANALYZER_NUMBER_OBJECT_CONVERSION = YES_AGGRESSIVE;
				CLANG_CXX_LANGUAGE_STANDARD = "gnu++20";
				CLANG_ENABLE_MODULES = YES;
				CLANG_ENABLE_OBJC_ARC = YES;
				CLANG_ENABLE_OBJC_WEAK = YES;
				CLANG_WARN_BLOCK_CAPTURE_AUTORELEASING = YES;
				CLANG_WARN_BOOL_CONVERSION = YES;
				CLANG_WARN_COMMA = YES;
				CLANG_WARN_CONSTANT_CONVERSION = YES;
				CLANG_WARN_DEPRECATED_OBJC_IMPLEMENTATIONS = YES;
				CLANG_WARN_DIRECT_OBJC_ISA_USAGE = YES_ERROR;
				CLANG_WARN_DOCUMENTATION_COMMENTS = YES;
				CLANG_WARN_EMPTY_BODY = YES;
				CLANG_WARN_ENUM_CONVERSION = YES;
				CLANG_WARN_INFINITE_RECURSION = YES;
				CLANG_WARN_INT_CONVERSION = YES;
				CLANG_WARN_NON_LITERAL_NULL_CONVERSION = YES;
				CLANG_WARN_OBJC_IMPLICIT_RETAIN_SELF = YES;
				CLANG_WARN_OBJC_LITERAL_CONVERSION = YES;
				CLANG_WARN_OBJC_ROOT_CLASS = YES_ERROR;
				CLANG_WARN_QUOTED_INCLUDE_IN_FRAMEWORK_HEADER = YES;
				CLANG_WARN_RANGE_LOOP_ANALYSIS = YES;
				CLANG_WARN_STRICT_PROTOTYPES = YES;
				CLANG_WARN_SUSPICIOUS_MOVE = YES;
				CLANG_WARN_UNGUARDED_AVAILABILITY = YES_AGGRESSIVE;
				CLANG_WARN_UNREACHABLE_CODE = YES;
				CLANG_WARN__DUPLICATE_METHOD_MATCH = YES;
				COPY_PHASE_STRIP = NO;
				DEBUG_INFORMATION_FORMAT = "dwarf-with-dsym";
				DEVELOPMENT_TEAM = CRF77UR32V;
				ENABLE_NS_ASSERTIONS = NO;
				ENABLE_STRICT_OBJC_MSGSEND = YES;
				ENABLE_USER_SCRIPT_SANDBOXING = YES;
				GCC_C_LANGUAGE_STANDARD = gnu17;
				GCC_NO_COMMON_BLOCKS = YES;
				GCC_WARN_64_TO_32_BIT_CONVERSION = YES;
				GCC_WARN_ABOUT_RETURN_TYPE = YES_ERROR;
				GCC_WARN_UNDECLARED_SELECTOR = YES;
				GCC_WARN_UNINITIALIZED_AUTOS = YES_AGGRESSIVE;
				GCC_WARN_UNUSED_FUNCTION = YES;
				GCC_WARN_UNUSED_VARIABLE = YES;
				IPHONEOS_DEPLOYMENT_TARGET = 26.1;
				LOCALIZATION_PREFERS_STRING_CATALOGS = YES;
				MTL_ENABLE_DEBUG_INFO = NO;
				MTL_FAST_MATH = YES;
				SDKROOT = iphoneos;
				STRING_CATALOG_GENERATE_SYMBOLS = YES;
				SWIFT_COMPILATION_MODE = wholemodule;
				VALIDATE_PRODUCT = YES;
			};
			name = Release;
		};
		523CBE162ED010AA00455486 /* Debug */ = {
			isa = XCBuildConfiguration;
			buildSettings = {
				BUNDLE_LOADER = "$(TEST_HOST)";
				CODE_SIGN_STYLE = Automatic;
				CURRENT_PROJECT_VERSION = 1;
				DEVELOPMENT_TEAM = CRF77UR32V;
				GENERATE_INFOPLIST_FILE = YES;
				IPHONEOS_DEPLOYMENT_TARGET = 26.1;
				MARKETING_VERSION = 1.0;
				PRODUCT_BUNDLE_IDENTIFIER = "PullerLabs.Habit-TrackerTests";
				PRODUCT_NAME = "$(TARGET_NAME)";
				STRING_CATALOG_GENERATE_SYMBOLS = NO;
				SWIFT_APPROACHABLE_CONCURRENCY = YES;
				SWIFT_EMIT_LOC_STRINGS = NO;
				SWIFT_UPCOMING_FEATURE_MEMBER_IMPORT_VISIBILITY = YES;
				SWIFT_VERSION = 5.0;
				TARGETED_DEVICE_FAMILY = "1,2";
				TEST_HOST = "$(BUILT_PRODUCTS_DIR)/Habit Tracker.app/$(BUNDLE_EXECUTABLE_FOLDER_PATH)/Habit Tracker";
			};
			name = Debug;
		};
		523CBE172ED010AA00455486 /* Release */ = {
			isa = XCBuildConfiguration;
			buildSettings = {
				BUNDLE_LOADER = "$(TEST_HOST)";
				CODE_SIGN_STYLE = Automatic;
				CURRENT_PROJECT_VERSION = 1;
				DEVELOPMENT_TEAM = CRF77UR32V;
				GENERATE_INFOPLIST_FILE = YES;
				IPHONEOS_DEPLOYMENT_TARGET = 26.1;
				MARKETING_VERSION = 1.0;
				PRODUCT_BUNDLE_IDENTIFIER = "PullerLabs.Habit-TrackerTests";
				PRODUCT_NAME = "$(TARGET_NAME)";
				STRING_CATALOG_GENERATE_SYMBOLS = NO;
				SWIFT_APPROACHABLE_CONCURRENCY = YES;
				SWIFT_EMIT_LOC_STRINGS = NO;
				SWIFT_UPCOMING_FEATURE_MEMBER_IMPORT_VISIBILITY = YES;
				SWIFT_VERSION = 5.0;
				TARGETED_DEVICE_FAMILY = "1,2";
				TEST_HOST = "$(BUILT_PRODUCTS_DIR)/Habit Tracker.app/$(BUNDLE_EXECUTABLE_FOLDER_PATH)/Habit Tracker";
			};
			name = Release;
		};
		523CBE192ED010AA00455486 /* Debug */ = {
			isa = XCBuildConfiguration;
			buildSettings = {
				CODE_SIGN_STYLE = Automatic;
				CURRENT_PROJECT_VERSION = 1;
				DEVELOPMENT_TEAM = CRF77UR32V;
				GENERATE_INFOPLIST_FILE = YES;
				MARKETING_VERSION = 1.0;
				PRODUCT_BUNDLE_IDENTIFIER = "PullerLabs.Habit-TrackerUITests";
				PRODUCT_NAME = "$(TARGET_NAME)";
				STRING_CATALOG_GENERATE_SYMBOLS = NO;
				SWIFT_APPROACHABLE_CONCURRENCY = YES;
				SWIFT_EMIT_LOC_STRINGS = NO;
				SWIFT_UPCOMING_FEATURE_MEMBER_IMPORT_VISIBILITY = YES;
				SWIFT_VERSION = 5.0;
				TARGETED_DEVICE_FAMILY = "1,2";
				TEST_TARGET_NAME = "Habit Tracker";
			};
			name = Debug;
		};
		523CBE1A2ED010AA00455486 /* Release */ = {
			isa = XCBuildConfiguration;
			buildSettings = {
				CODE_SIGN_STYLE = Automatic;
				CURRENT_PROJECT_VERSION = 1;
				DEVELOPMENT_TEAM = CRF77UR32V;
				GENERATE_INFOPLIST_FILE = YES;
				MARKETING_VERSION = 1.0;
				PRODUCT_BUNDLE_IDENTIFIER = "PullerLabs.Habit-TrackerUITests";
				PRODUCT_NAME = "$(TARGET_NAME)";
				STRING_CATALOG_GENERATE_SYMBOLS = NO;
				SWIFT_APPROACHABLE_CONCURRENCY = YES;
				SWIFT_EMIT_LOC_STRINGS = NO;
				SWIFT_UPCOMING_FEATURE_MEMBER_IMPORT_VISIBILITY = YES;
				SWIFT_VERSION = 5.0;
				TARGETED_DEVICE_FAMILY = "1,2";
				TEST_TARGET_NAME = "Habit Tracker";
			};
			name = Release;
		};
		523CBE3D2ED01E0000455486 /* Debug */ = {
			isa = XCBuildConfiguration;
			buildSettings = {
				ASSETCATALOG_COMPILER_GLOBAL_ACCENT_COLOR_NAME = AccentColor;
				ASSETCATALOG_COMPILER_WIDGET_BACKGROUND_COLOR_NAME = WidgetBackground;
				CODE_SIGN_ENTITLEMENTS = "Habit Tracker WidgetExtensionDebug.entitlements";
				CODE_SIGN_STYLE = Automatic;
				CURRENT_PROJECT_VERSION = 1;
				DEVELOPMENT_TEAM = CRF77UR32V;
				GENERATE_INFOPLIST_FILE = YES;
				INFOPLIST_FILE = "Habit Tracker Widget/Info.plist";
				INFOPLIST_KEY_CFBundleDisplayName = "Habit Tracker Widget";
				INFOPLIST_KEY_NSHumanReadableCopyright = "";
				LD_RUNPATH_SEARCH_PATHS = (
					"$(inherited)",
					"@executable_path/Frameworks",
					"@executable_path/../../Frameworks",
				);
				MARKETING_VERSION = 1.0;
				PRODUCT_BUNDLE_IDENTIFIER = "PullerLabs.Habit-Tracker.Habit-Tracker-Widget";
				PRODUCT_NAME = "$(TARGET_NAME)";
				SKIP_INSTALL = YES;
				STRING_CATALOG_GENERATE_SYMBOLS = YES;
				SWIFT_APPROACHABLE_CONCURRENCY = YES;
				SWIFT_EMIT_LOC_STRINGS = YES;
				SWIFT_UPCOMING_FEATURE_MEMBER_IMPORT_VISIBILITY = YES;
				SWIFT_VERSION = 5.0;
				TARGETED_DEVICE_FAMILY = "1,2";
			};
			name = Debug;
		};
		523CBE3E2ED01E0000455486 /* Release */ = {
			isa = XCBuildConfiguration;
			buildSettings = {
				ASSETCATALOG_COMPILER_GLOBAL_ACCENT_COLOR_NAME = AccentColor;
				ASSETCATALOG_COMPILER_WIDGET_BACKGROUND_COLOR_NAME = WidgetBackground;
				CODE_SIGN_ENTITLEMENTS = "Habit Tracker WidgetExtension.entitlements";
				CODE_SIGN_STYLE = Automatic;
				CURRENT_PROJECT_VERSION = 1;
				DEVELOPMENT_TEAM = CRF77UR32V;
				GENERATE_INFOPLIST_FILE = YES;
				INFOPLIST_FILE = "Habit Tracker Widget/Info.plist";
				INFOPLIST_KEY_CFBundleDisplayName = "Habit Tracker Widget";
				INFOPLIST_KEY_NSHumanReadableCopyright = "";
				LD_RUNPATH_SEARCH_PATHS = (
					"$(inherited)",
					"@executable_path/Frameworks",
					"@executable_path/../../Frameworks",
				);
				MARKETING_VERSION = 1.0;
				PRODUCT_BUNDLE_IDENTIFIER = "PullerLabs.Habit-Tracker.Habit-Tracker-Widget";
				PRODUCT_NAME = "$(TARGET_NAME)";
				SKIP_INSTALL = YES;
				STRING_CATALOG_GENERATE_SYMBOLS = YES;
				SWIFT_APPROACHABLE_CONCURRENCY = YES;
				SWIFT_EMIT_LOC_STRINGS = YES;
				SWIFT_UPCOMING_FEATURE_MEMBER_IMPORT_VISIBILITY = YES;
				SWIFT_VERSION = 5.0;
				TARGETED_DEVICE_FAMILY = "1,2";
			};
			name = Release;
		};
/* End XCBuildConfiguration section */

/* Begin XCConfigurationList section */
		523CBDE42ED010A900455486 /* Build configuration list for PBXProject "Habit Tracker" */ = {
			isa = XCConfigurationList;
			buildConfigurations = (
				523CBE132ED010AA00455486 /* Debug */,
				523CBE142ED010AA00455486 /* Release */,
			);
			defaultConfigurationIsVisible = 0;
			defaultConfigurationName = Release;
		};
		523CBE102ED010AA00455486 /* Build configuration list for PBXNativeTarget "Habit Tracker" */ = {
			isa = XCConfigurationList;
			buildConfigurations = (
				523CBE112ED010AA00455486 /* Debug */,
				523CBE122ED010AA00455486 /* Release */,
			);
			defaultConfigurationIsVisible = 0;
			defaultConfigurationName = Release;
		};
		523CBE152ED010AA00455486 /* Build configuration list for PBXNativeTarget "Habit TrackerTests" */ = {
			isa = XCConfigurationList;
			buildConfigurations = (
				523CBE162ED010AA00455486 /* Debug */,
				523CBE172ED010AA00455486 /* Release */,
			);
			defaultConfigurationIsVisible = 0;
			defaultConfigurationName = Release;
		};
		523CBE182ED010AA00455486 /* Build configuration list for PBXNativeTarget "Habit TrackerUITests" */ = {
			isa = XCConfigurationList;
			buildConfigurations = (
				523CBE192ED010AA00455486 /* Debug */,
				523CBE1A2ED010AA00455486 /* Release */,
			);
			defaultConfigurationIsVisible = 0;
			defaultConfigurationName = Release;
		};
		523CBE3C2ED01E0000455486 /* Build configuration list for PBXNativeTarget "Habit Tracker WidgetExtension" */ = {
			isa = XCConfigurationList;
			buildConfigurations = (
				523CBE3D2ED01E0000455486 /* Debug */,
				523CBE3E2ED01E0000455486 /* Release */,
			);
			defaultConfigurationIsVisible = 0;
			defaultConfigurationName = Release;
		};
/* End XCConfigurationList section */
	};
	rootObject = 523CBDE12ED010A900455486 /* Project object */;
}
